
Microsoft Visual Studio Solution File, Format Version 12.00
# Visual Studio Version 17
VisualStudioVersion = 17.3.32819.101
MinimumVisualStudioVersion = 10.0.40219.1
Project("{FAE04EC0-301F-11D3-BF4B-00C04F79EFBC}") = "Exercise 8", "Exercise 8\Exercise 8.csproj", "{7DD1F507-8A99-4D49-9C8E-1E715A469E9F}"
EndProject
Global
	GlobalSection(SolutionConfigurationPlatforms) = preSolution
		Debug|Any CPU = Debug|Any CPU
		Release|Any CPU = Release|Any CPU
	EndGlobalSection
	GlobalSection(ProjectConfigurationPlatforms) = postSolution
		{7DD1F507-8A99-4D49-9C8E-1E715A469E9F}.Debug|Any CPU.ActiveCfg = Debug|Any CPU
		{7DD1F507-8A99-4D49-9C8E-1E715A469E9F}.Debug|Any CPU.Build.0 = Debug|Any CPU
		{7DD1F507-8A99-4D49-9C8E-1E715A469E9F}.Release|Any CPU.ActiveCfg = Release|Any CPU
		{7DD1F507-8A99-4D49-9C8E-1E715A469E9F}.Release|Any CPU.Build.0 = Release|Any CPU
	EndGlobalSection
	GlobalSection(SolutionProperties) = preSolution
		HideSolutionNode = FALSE
	EndGlobalSection
	GlobalSection(ExtensibilityGlobals) = postSolution
		SolutionGuid = {042BB18E-CF8C-41A6-B9F4-4D67DEC2F034}
	EndGlobalSection
EndGlobal
